
Microsoft Visual Studio Solution File, Format Version 12.00
# Visual Studio Version 17
VisualStudioVersion = 17.11.35312.102
MinimumVisualStudioVersion = 10.0.40219.1
Project("{FAE04EC0-301F-11D3-BF4B-00C04F79EFBC}") = "MyMachineLearningLibrary", "MyMachineLearningLibrary\MyMachineLearningLibrary.csproj", "{98E5A36E-7128-4209-9F0E-1F6C91D5464A}"
EndProject
Global
	GlobalSection(SolutionConfigurationPlatforms) = preSolution
		Debug|Any CPU = Debug|Any CPU
		Release|Any CPU = Release|Any CPU
	EndGlobalSection
	GlobalSection(ProjectConfigurationPlatforms) = postSolution
		{98E5A36E-7128-4209-9F0E-1F6C91D5464A}.Debug|Any CPU.ActiveCfg = Debug|Any CPU
		{98E5A36E-7128-4209-9F0E-1F6C91D5464A}.Debug|Any CPU.Build.0 = Debug|Any CPU
		{98E5A36E-7128-4209-9F0E-1F6C91D5464A}.Release|Any CPU.ActiveCfg = Release|Any CPU
		{98E5A36E-7128-4209-9F0E-1F6C91D5464A}.Release|Any CPU.Build.0 = Release|Any CPU
	EndGlobalSection
	GlobalSection(SolutionProperties) = preSolution
		HideSolutionNode = FALSE
	EndGlobalSection
	GlobalSection(ExtensibilityGlobals) = postSolution
		SolutionGuid = {75BE4D63-6D68-428F-B814-AC1BB0758B70}
	EndGlobalSection
EndGlobal
